
Microsoft Visual Studio Solution File, Format Version 12.00
# Visual Studio Version 17
VisualStudioVersion = 17.0.31606.5
MinimumVisualStudioVersion = 10.0.40219.1
Project("{9A19103F-16F7-4668-BE54-9A1E7A4F7556}") = "N-Queens", "N-Queens\N-Queens.csproj", "{409E80B9-9206-47EB-8178-E954C8A3C64E}"
EndProject
Project("{9A19103F-16F7-4668-BE54-9A1E7A4F7556}") = "ExcelSheetColumnTitle", "ExcelSheetColumnTitle\ExcelSheetColumnTitle.csproj", "{C9C791D8-A955-4F55-AF0C-07BB1C7DA6BE}"
EndProject
Project("{9A19103F-16F7-4668-BE54-9A1E7A4F7556}") = "MaximumSubarray", "MaximumSubarray\MaximumSubarray.csproj", "{454BE74B-7A2F-4C31-AFD6-54EEA637EDA5}"
EndProject
Project("{9A19103F-16F7-4668-BE54-9A1E7A4F7556}") = "LCOF", "LCOF\LCOF.csproj", "{1D3B8803-8F3D-4A5D-986A-B8C061F876D4}"
EndProject
Project("{9A19103F-16F7-4668-BE54-9A1E7A4F7556}") = "LengthofLastWord", "LengthofLastWord\LengthofLastWord.csproj", "{6ADACC13-4281-4C41-B413-2A964E23AA6B}"
EndProject
Project("{9A19103F-16F7-4668-BE54-9A1E7A4F7556}") = "MaximumIceCreamBars", "MaximumIceCreamBars\MaximumIceCreamBars.csproj", "{6F2A8776-6562-4AA7-97C8-ADDB18131A47}"
EndProject
Project("{9A19103F-16F7-4668-BE54-9A1E7A4F7556}") = "PlusOne", "PlusOne\PlusOne.csproj", "{B01FF732-C465-4DF1-94CD-8D41B2815DDD}"
EndProject
Project("{9A19103F-16F7-4668-BE54-9A1E7A4F7556}") = "AddBinary", "AddBinary\AddBinary.csproj", "{6BF9307F-6607-49BC-B158-B2FDB9723A52}"
EndProject
Project("{9A19103F-16F7-4668-BE54-9A1E7A4F7556}") = "SocketClient", "SocketClient\SocketClient.csproj", "{9C118EF3-1E4E-422A-91AD-B9120778415C}"
EndProject
Project("{9A19103F-16F7-4668-BE54-9A1E7A4F7556}") = "SocketServer", "SocketServer\SocketServer.csproj", "{B490072C-EB2D-48BF-B531-559C78789064}"
EndProject
Project("{9A19103F-16F7-4668-BE54-9A1E7A4F7556}") = "DisplayTable", "DisplayTable\DisplayTable.csproj", "{04019789-60EC-4A9F-B0C5-0361C205A71B}"
EndProject
Project("{9A19103F-16F7-4668-BE54-9A1E7A4F7556}") = "CountGoodMeals", "CountGoodMeals\CountGoodMeals.csproj", "{05DB2FC4-7CC5-4278-B971-E4AE87CEED98}"
EndProject
Project("{9A19103F-16F7-4668-BE54-9A1E7A4F7556}") = "BinarySubarraysWithSum", "BinarySubarraysWithSum\BinarySubarraysWithSum.csproj", "{D399C2E3-ED66-4302-A07C-6750C52695F9}"
EndProject
Project("{9A19103F-16F7-4668-BE54-9A1E7A4F7556}") = "FindMajorityElementLCCI", "FindMajorityElementLCCI\FindMajorityElementLCCI.csproj", "{B7DA0210-A636-4B76-A424-74C240562804}"
EndProject
Project("{9A19103F-16F7-4668-BE54-9A1E7A4F7556}") = "H-Index", "H-Index\H-Index.csproj", "{46A25670-8C70-4C05-A109-BB4ABC1C1A17}"
EndProject
Project("{9A19103F-16F7-4668-BE54-9A1E7A4F7556}") = "MaximumElementAfterDecreasingAndRearranging", "MaximumElementAfterDecreasingAndRearranging\MaximumElementAfterDecreasingAndRearranging.csproj", "{61BDB744-27C8-4490-BF00-68957CB24B83}"
EndProject
Project("{9A19103F-16F7-4668-BE54-9A1E7A4F7556}") = "CountNumber", "CountNumber\CountNumber.csproj", "{894E0EFB-5E1E-4F6C-940A-07F73F77A550}"
EndProject
Project("{9A19103F-16F7-4668-BE54-9A1E7A4F7556}") = "GroupAnagramsLCCI", "GroupAnagramsLCCI\GroupAnagramsLCCI.csproj", "{3E4392C6-B6FE-4675-B20D-2D29CADDB560}"
EndProject
Project("{9A19103F-16F7-4668-BE54-9A1E7A4F7556}") = "MergeTwoLists", "MergeTwoLists\MergeTwoLists.csproj", "{C16755AC-75D0-42C4-A488-213AF33EEBB7}"
EndProject
Project("{9A19103F-16F7-4668-BE54-9A1E7A4F7556}") = "MinimizeMaximumPairSumInArray", "MinimizeMaximumPairSumInArray\MinimizeMaximumPairSumInArray.csproj", "{7CB613D1-10CA-4B8A-8848-0CC81719C598}"
EndProject
Project("{9A19103F-16F7-4668-BE54-9A1E7A4F7556}") = "CommonNode", "CommonNode\CommonNode.csproj", "{9D54BE3B-7133-4C7B-8E9E-3323062B1E9C}"
EndProject
Project("{9A19103F-16F7-4668-BE54-9A1E7A4F7556}") = "RangeCovered", "RangeCovered\RangeCovered.csproj", "{A604286F-5EE4-4BD1-A184-61893034B20D}"
EndProject
Project("{9A19103F-16F7-4668-BE54-9A1E7A4F7556}") = "LatestTimeByReplacingHiddenDigits", "LatestTimeByReplacingHiddenDigits\LatestTimeByReplacingHiddenDigits.csproj", "{B75B61AD-9C12-47EF-B0CC-60D0A427F94D}"
EndProject
Project("{9A19103F-16F7-4668-BE54-9A1E7A4F7556}") = "SecondMinimumNodeInABinaryTree", "SecondMinimumNodeInABinaryTree\SecondMinimumNodeInABinaryTree.csproj", "{E588392A-C1EE-45D6-8EA8-0CDF799ED32A}"
EndProject
Project("{9A19103F-16F7-4668-BE54-9A1E7A4F7556}") = "ExcelSheetColumnNumber", "ExcelSheetColumnNumber\ExcelSheetColumnNumber.csproj", "{87C0D7D4-D27C-49FE-9151-480AABB0DB3E}"
EndProject
Project("{9A19103F-16F7-4668-BE54-9A1E7A4F7556}") = "NetworkDelayTime", "NetworkDelayTime\NetworkDelayTime.csproj", "{C995ACD5-759F-40F5-B109-CC0077F28407}"
EndProject
Project("{9A19103F-16F7-4668-BE54-9A1E7A4F7556}") = "ShortestUnsortedContinuousSubarray", "ShortestUnsortedContinuousSubarray\ShortestUnsortedContinuousSubarray.csproj", "{BE4AC69A-BA97-4DBA-868F-4467DA12FBDD}"
EndProject
Project("{9A19103F-16F7-4668-BE54-9A1E7A4F7556}") = "ValidTriangleNumber", "ValidTriangleNumber\ValidTriangleNumber.csproj", "{5C54DC85-FEB5-4593-824F-303820E8622C}"
EndProject
Project("{9A19103F-16F7-4668-BE54-9A1E7A4F7556}") = "ArithmeticSlices", "ArithmeticSlices\ArithmeticSlices.csproj", "{290405E4-5ED0-41B8-9734-71833D9C93B2}"
EndProject
Project("{9A19103F-16F7-4668-BE54-9A1E7A4F7556}") = "ArithmeticSlicesIISubsequence", "ArithmeticSlicesIISubsequence\ArithmeticSlicesIISubsequence.csproj", "{3C11F911-18B9-40A8-B142-359A4D217006}"
EndProject
Project("{9A19103F-16F7-4668-BE54-9A1E7A4F7556}") = "LongestPalindromicSubsequence", "LongestPalindromicSubsequence\LongestPalindromicSubsequence.csproj", "{984416A8-2005-4B3E-9203-B076E07AECF7}"
EndProject
Project("{9A19103F-16F7-4668-BE54-9A1E7A4F7556}") = "CountUnhappyFriends", "CountUnhappyFriends\CountUnhappyFriends.csproj", "{2AA291C3-69C0-4952-9357-5CBA3D744679}"
EndProject
Project("{9A19103F-16F7-4668-BE54-9A1E7A4F7556}") = "CorporateFlightBookings", "CorporateFlightBookings\CorporateFlightBookings.csproj", "{5FA021B5-464E-4163-86B4-000BC8E36BA0}"
EndProject
Project("{9A19103F-16F7-4668-BE54-9A1E7A4F7556}") = "CompareVersionNumbers", "CompareVersionNumbers\CompareVersionNumbers.csproj", "{6452EC56-E3A3-4730-9DFF-6B6F2153C886}"
EndProject
Project("{9A19103F-16F7-4668-BE54-9A1E7A4F7556}") = "TheListInTheBottomPartKNodes", "TheListInTheBottomPartKNodes\TheListInTheBottomPartKNodes.csproj", "{A8F53814-8924-4E60-88A5-8D987470CCCF}"
EndProject
Project("{9A19103F-16F7-4668-BE54-9A1E7A4F7556}") = "Fibonacci", "Fibonacci\Fibonacci.csproj", "{F4316934-B9C7-465B-8397-B5B626636716}"
EndProject
Project("{9A19103F-16F7-4668-BE54-9A1E7A4F7556}") = "SplitAStringInBalancedStrings", "SplitAStringInBalancedStrings\SplitAStringInBalancedStrings.csproj", "{421D7215-90EF-4E41-9A96-BEDB0882389F}"
EndProject
Project("{9A19103F-16F7-4668-BE54-9A1E7A4F7556}") = "ContainerWithMostWater", "ContainerWithMostWater\ContainerWithMostWater.csproj", "{6BD023F6-329A-4A4F-AE02-005B91A33D93}"
EndProject
Project("{9A19103F-16F7-4668-BE54-9A1E7A4F7556}") = "NumberOfBoomerangs", "NumberOfBoomerangs\NumberOfBoomerangs.csproj", "{1411901E-E82B-4417-B4AE-DE9BB7E48619}"
EndProject
Project("{9A19103F-16F7-4668-BE54-9A1E7A4F7556}") = "LongestWordInDictionaryThroughDeleting", "LongestWordInDictionaryThroughDeleting\LongestWordInDictionaryThroughDeleting.csproj", "{BEEF0C26-FD4B-43E3-AD88-66A695973274}"
EndProject
Project("{9A19103F-16F7-4668-BE54-9A1E7A4F7556}") = "FindPeakElement", "FindPeakElement\FindPeakElement.csproj", "{1E606E09-D769-48B3-9C0B-0A07A9242C79}"
EndProject
Project("{9A19103F-16F7-4668-BE54-9A1E7A4F7556}") = "SplitLinkedListInParts", "SplitLinkedListInParts\SplitLinkedListInParts.csproj", "{3231DD81-A6AA-4D8D-AAC2-E359A1A2C37E}"
EndProject
Project("{9A19103F-16F7-4668-BE54-9A1E7A4F7556}") = "PowerOfThree", "PowerOfThree\PowerOfThree.csproj", "{79CAAAA7-289C-4FFC-BCDE-B4D301657937}"
EndProject
Project("{9A19103F-16F7-4668-BE54-9A1E7A4F7556}") = "SumOfTwoIntegers", "SumOfTwoIntegers\SumOfTwoIntegers.csproj", "{33AF001D-303C-4BF0-B17C-24002F8F362E}"
EndProject
Project("{FAE04EC0-301F-11D3-BF4B-00C04F79EFBC}") = "FizzBuzz", "FizzBuzz\FizzBuzz.csproj", "{AD423F8D-A054-432D-B97E-67FADAE3C668}"
EndProject
Global
	GlobalSection(SolutionConfigurationPlatforms) = preSolution
		Debug|Any CPU = Debug|Any CPU
		Debug|x64 = Debug|x64
		Debug|x86 = Debug|x86
		Release|Any CPU = Release|Any CPU
		Release|x64 = Release|x64
		Release|x86 = Release|x86
	EndGlobalSection
	GlobalSection(ProjectConfigurationPlatforms) = postSolution
		{409E80B9-9206-47EB-8178-E954C8A3C64E}.Debug|Any CPU.ActiveCfg = Debug|Any CPU
		{409E80B9-9206-47EB-8178-E954C8A3C64E}.Debug|Any CPU.Build.0 = Debug|Any CPU
		{409E80B9-9206-47EB-8178-E954C8A3C64E}.Debug|x64.ActiveCfg = Debug|Any CPU
		{409E80B9-9206-47EB-8178-E954C8A3C64E}.Debug|x64.Build.0 = Debug|Any CPU
		{409E80B9-9206-47EB-8178-E954C8A3C64E}.Debug|x86.ActiveCfg = Debug|Any CPU
		{409E80B9-9206-47EB-8178-E954C8A3C64E}.Debug|x86.Build.0 = Debug|Any CPU
		{409E80B9-9206-47EB-8178-E954C8A3C64E}.Release|Any CPU.ActiveCfg = Release|Any CPU
		{409E80B9-9206-47EB-8178-E954C8A3C64E}.Release|Any CPU.Build.0 = Release|Any CPU
		{409E80B9-9206-47EB-8178-E954C8A3C64E}.Release|x64.ActiveCfg = Release|Any CPU
		{409E80B9-9206-47EB-8178-E954C8A3C64E}.Release|x64.Build.0 = Release|Any CPU
		{409E80B9-9206-47EB-8178-E954C8A3C64E}.Release|x86.ActiveCfg = Release|Any CPU
		{409E80B9-9206-47EB-8178-E954C8A3C64E}.Release|x86.Build.0 = Release|Any CPU
		{C9C791D8-A955-4F55-AF0C-07BB1C7DA6BE}.Debug|Any CPU.ActiveCfg = Debug|Any CPU
		{C9C791D8-A955-4F55-AF0C-07BB1C7DA6BE}.Debug|Any CPU.Build.0 = Debug|Any CPU
		{C9C791D8-A955-4F55-AF0C-07BB1C7DA6BE}.Debug|x64.ActiveCfg = Debug|Any CPU
		{C9C791D8-A955-4F55-AF0C-07BB1C7DA6BE}.Debug|x64.Build.0 = Debug|Any CPU
		{C9C791D8-A955-4F55-AF0C-07BB1C7DA6BE}.Debug|x86.ActiveCfg = Debug|Any CPU
		{C9C791D8-A955-4F55-AF0C-07BB1C7DA6BE}.Debug|x86.Build.0 = Debug|Any CPU
		{C9C791D8-A955-4F55-AF0C-07BB1C7DA6BE}.Release|Any CPU.ActiveCfg = Release|Any CPU
		{C9C791D8-A955-4F55-AF0C-07BB1C7DA6BE}.Release|Any CPU.Build.0 = Release|Any CPU
		{C9C791D8-A955-4F55-AF0C-07BB1C7DA6BE}.Release|x64.ActiveCfg = Release|Any CPU
		{C9C791D8-A955-4F55-AF0C-07BB1C7DA6BE}.Release|x64.Build.0 = Release|Any CPU
		{C9C791D8-A955-4F55-AF0C-07BB1C7DA6BE}.Release|x86.ActiveCfg = Release|Any CPU
		{C9C791D8-A955-4F55-AF0C-07BB1C7DA6BE}.Release|x86.Build.0 = Release|Any CPU
		{454BE74B-7A2F-4C31-AFD6-54EEA637EDA5}.Debug|Any CPU.ActiveCfg = Debug|Any CPU
		{454BE74B-7A2F-4C31-AFD6-54EEA637EDA5}.Debug|Any CPU.Build.0 = Debug|Any CPU
		{454BE74B-7A2F-4C31-AFD6-54EEA637EDA5}.Debug|x64.ActiveCfg = Debug|Any CPU
		{454BE74B-7A2F-4C31-AFD6-54EEA637EDA5}.Debug|x64.Build.0 = Debug|Any CPU
		{454BE74B-7A2F-4C31-AFD6-54EEA637EDA5}.Debug|x86.ActiveCfg = Debug|Any CPU
		{454BE74B-7A2F-4C31-AFD6-54EEA637EDA5}.Debug|x86.Build.0 = Debug|Any CPU
		{454BE74B-7A2F-4C31-AFD6-54EEA637EDA5}.Release|Any CPU.ActiveCfg = Release|Any CPU
		{454BE74B-7A2F-4C31-AFD6-54EEA637EDA5}.Release|Any CPU.Build.0 = Release|Any CPU
		{454BE74B-7A2F-4C31-AFD6-54EEA637EDA5}.Release|x64.ActiveCfg = Release|Any CPU
		{454BE74B-7A2F-4C31-AFD6-54EEA637EDA5}.Release|x64.Build.0 = Release|Any CPU
		{454BE74B-7A2F-4C31-AFD6-54EEA637EDA5}.Release|x86.ActiveCfg = Release|Any CPU
		{454BE74B-7A2F-4C31-AFD6-54EEA637EDA5}.Release|x86.Build.0 = Release|Any CPU
		{1D3B8803-8F3D-4A5D-986A-B8C061F876D4}.Debug|Any CPU.ActiveCfg = Debug|Any CPU
		{1D3B8803-8F3D-4A5D-986A-B8C061F876D4}.Debug|Any CPU.Build.0 = Debug|Any CPU
		{1D3B8803-8F3D-4A5D-986A-B8C061F876D4}.Debug|x64.ActiveCfg = Debug|Any CPU
		{1D3B8803-8F3D-4A5D-986A-B8C061F876D4}.Debug|x64.Build.0 = Debug|Any CPU
		{1D3B8803-8F3D-4A5D-986A-B8C061F876D4}.Debug|x86.ActiveCfg = Debug|Any CPU
		{1D3B8803-8F3D-4A5D-986A-B8C061F876D4}.Debug|x86.Build.0 = Debug|Any CPU
		{1D3B8803-8F3D-4A5D-986A-B8C061F876D4}.Release|Any CPU.ActiveCfg = Release|Any CPU
		{1D3B8803-8F3D-4A5D-986A-B8C061F876D4}.Release|Any CPU.Build.0 = Release|Any CPU
		{1D3B8803-8F3D-4A5D-986A-B8C061F876D4}.Release|x64.ActiveCfg = Release|Any CPU
		{1D3B8803-8F3D-4A5D-986A-B8C061F876D4}.Release|x64.Build.0 = Release|Any CPU
		{1D3B8803-8F3D-4A5D-986A-B8C061F876D4}.Release|x86.ActiveCfg = Release|Any CPU
		{1D3B8803-8F3D-4A5D-986A-B8C061F876D4}.Release|x86.Build.0 = Release|Any CPU
		{6ADACC13-4281-4C41-B413-2A964E23AA6B}.Debug|Any CPU.ActiveCfg = Debug|Any CPU
		{6ADACC13-4281-4C41-B413-2A964E23AA6B}.Debug|Any CPU.Build.0 = Debug|Any CPU
		{6ADACC13-4281-4C41-B413-2A964E23AA6B}.Debug|x64.ActiveCfg = Debug|Any CPU
		{6ADACC13-4281-4C41-B413-2A964E23AA6B}.Debug|x64.Build.0 = Debug|Any CPU
		{6ADACC13-4281-4C41-B413-2A964E23AA6B}.Debug|x86.ActiveCfg = Debug|Any CPU
		{6ADACC13-4281-4C41-B413-2A964E23AA6B}.Debug|x86.Build.0 = Debug|Any CPU
		{6ADACC13-4281-4C41-B413-2A964E23AA6B}.Release|Any CPU.ActiveCfg = Release|Any CPU
		{6ADACC13-4281-4C41-B413-2A964E23AA6B}.Release|Any CPU.Build.0 = Release|Any CPU
		{6ADACC13-4281-4C41-B413-2A964E23AA6B}.Release|x64.ActiveCfg = Release|Any CPU
		{6ADACC13-4281-4C41-B413-2A964E23AA6B}.Release|x64.Build.0 = Release|Any CPU
		{6ADACC13-4281-4C41-B413-2A964E23AA6B}.Release|x86.ActiveCfg = Release|Any CPU
		{6ADACC13-4281-4C41-B413-2A964E23AA6B}.Release|x86.Build.0 = Release|Any CPU
		{6F2A8776-6562-4AA7-97C8-ADDB18131A47}.Debug|Any CPU.ActiveCfg = Debug|Any CPU
		{6F2A8776-6562-4AA7-97C8-ADDB18131A47}.Debug|Any CPU.Build.0 = Debug|Any CPU
		{6F2A8776-6562-4AA7-97C8-ADDB18131A47}.Debug|x64.ActiveCfg = Debug|Any CPU
		{6F2A8776-6562-4AA7-97C8-ADDB18131A47}.Debug|x64.Build.0 = Debug|Any CPU
		{6F2A8776-6562-4AA7-97C8-ADDB18131A47}.Debug|x86.ActiveCfg = Debug|Any CPU
		{6F2A8776-6562-4AA7-97C8-ADDB18131A47}.Debug|x86.Build.0 = Debug|Any CPU
		{6F2A8776-6562-4AA7-97C8-ADDB18131A47}.Release|Any CPU.ActiveCfg = Release|Any CPU
		{6F2A8776-6562-4AA7-97C8-ADDB18131A47}.Release|Any CPU.Build.0 = Release|Any CPU
		{6F2A8776-6562-4AA7-97C8-ADDB18131A47}.Release|x64.ActiveCfg = Release|Any CPU
		{6F2A8776-6562-4AA7-97C8-ADDB18131A47}.Release|x64.Build.0 = Release|Any CPU
		{6F2A8776-6562-4AA7-97C8-ADDB18131A47}.Release|x86.ActiveCfg = Release|Any CPU
		{6F2A8776-6562-4AA7-97C8-ADDB18131A47}.Release|x86.Build.0 = Release|Any CPU
		{B01FF732-C465-4DF1-94CD-8D41B2815DDD}.Debug|Any CPU.ActiveCfg = Debug|Any CPU
		{B01FF732-C465-4DF1-94CD-8D41B2815DDD}.Debug|Any CPU.Build.0 = Debug|Any CPU
		{B01FF732-C465-4DF1-94CD-8D41B2815DDD}.Debug|x64.ActiveCfg = Debug|Any CPU
		{B01FF732-C465-4DF1-94CD-8D41B2815DDD}.Debug|x64.Build.0 = Debug|Any CPU
		{B01FF732-C465-4DF1-94CD-8D41B2815DDD}.Debug|x86.ActiveCfg = Debug|Any CPU
		{B01FF732-C465-4DF1-94CD-8D41B2815DDD}.Debug|x86.Build.0 = Debug|Any CPU
		{B01FF732-C465-4DF1-94CD-8D41B2815DDD}.Release|Any CPU.ActiveCfg = Release|Any CPU
		{B01FF732-C465-4DF1-94CD-8D41B2815DDD}.Release|Any CPU.Build.0 = Release|Any CPU
		{B01FF732-C465-4DF1-94CD-8D41B2815DDD}.Release|x64.ActiveCfg = Release|Any CPU
		{B01FF732-C465-4DF1-94CD-8D41B2815DDD}.Release|x64.Build.0 = Release|Any CPU
		{B01FF732-C465-4DF1-94CD-8D41B2815DDD}.Release|x86.ActiveCfg = Release|Any CPU
		{B01FF732-C465-4DF1-94CD-8D41B2815DDD}.Release|x86.Build.0 = Release|Any CPU
		{6BF9307F-6607-49BC-B158-B2FDB9723A52}.Debug|Any CPU.ActiveCfg = Debug|Any CPU
		{6BF9307F-6607-49BC-B158-B2FDB9723A52}.Debug|Any CPU.Build.0 = Debug|Any CPU
		{6BF9307F-6607-49BC-B158-B2FDB9723A52}.Debug|x64.ActiveCfg = Debug|Any CPU
		{6BF9307F-6607-49BC-B158-B2FDB9723A52}.Debug|x64.Build.0 = Debug|Any CPU
		{6BF9307F-6607-49BC-B158-B2FDB9723A52}.Debug|x86.ActiveCfg = Debug|Any CPU
		{6BF9307F-6607-49BC-B158-B2FDB9723A52}.Debug|x86.Build.0 = Debug|Any CPU
		{6BF9307F-6607-49BC-B158-B2FDB9723A52}.Release|Any CPU.ActiveCfg = Release|Any CPU
		{6BF9307F-6607-49BC-B158-B2FDB9723A52}.Release|Any CPU.Build.0 = Release|Any CPU
		{6BF9307F-6607-49BC-B158-B2FDB9723A52}.Release|x64.ActiveCfg = Release|Any CPU
		{6BF9307F-6607-49BC-B158-B2FDB9723A52}.Release|x64.Build.0 = Release|Any CPU
		{6BF9307F-6607-49BC-B158-B2FDB9723A52}.Release|x86.ActiveCfg = Release|Any CPU
		{6BF9307F-6607-49BC-B158-B2FDB9723A52}.Release|x86.Build.0 = Release|Any CPU
		{9C118EF3-1E4E-422A-91AD-B9120778415C}.Debug|Any CPU.ActiveCfg = Debug|Any CPU
		{9C118EF3-1E4E-422A-91AD-B9120778415C}.Debug|Any CPU.Build.0 = Debug|Any CPU
		{9C118EF3-1E4E-422A-91AD-B9120778415C}.Debug|x64.ActiveCfg = Debug|Any CPU
		{9C118EF3-1E4E-422A-91AD-B9120778415C}.Debug|x64.Build.0 = Debug|Any CPU
		{9C118EF3-1E4E-422A-91AD-B9120778415C}.Debug|x86.ActiveCfg = Debug|Any CPU
		{9C118EF3-1E4E-422A-91AD-B9120778415C}.Debug|x86.Build.0 = Debug|Any CPU
		{9C118EF3-1E4E-422A-91AD-B9120778415C}.Release|Any CPU.ActiveCfg = Release|Any CPU
		{9C118EF3-1E4E-422A-91AD-B9120778415C}.Release|Any CPU.Build.0 = Release|Any CPU
		{9C118EF3-1E4E-422A-91AD-B9120778415C}.Release|x64.ActiveCfg = Release|Any CPU
		{9C118EF3-1E4E-422A-91AD-B9120778415C}.Release|x64.Build.0 = Release|Any CPU
		{9C118EF3-1E4E-422A-91AD-B9120778415C}.Release|x86.ActiveCfg = Release|Any CPU
		{9C118EF3-1E4E-422A-91AD-B9120778415C}.Release|x86.Build.0 = Release|Any CPU
		{B490072C-EB2D-48BF-B531-559C78789064}.Debug|Any CPU.ActiveCfg = Debug|Any CPU
		{B490072C-EB2D-48BF-B531-559C78789064}.Debug|Any CPU.Build.0 = Debug|Any CPU
		{B490072C-EB2D-48BF-B531-559C78789064}.Debug|x64.ActiveCfg = Debug|Any CPU
		{B490072C-EB2D-48BF-B531-559C78789064}.Debug|x64.Build.0 = Debug|Any CPU
		{B490072C-EB2D-48BF-B531-559C78789064}.Debug|x86.ActiveCfg = Debug|Any CPU
		{B490072C-EB2D-48BF-B531-559C78789064}.Debug|x86.Build.0 = Debug|Any CPU
		{B490072C-EB2D-48BF-B531-559C78789064}.Release|Any CPU.ActiveCfg = Release|Any CPU
		{B490072C-EB2D-48BF-B531-559C78789064}.Release|Any CPU.Build.0 = Release|Any CPU
		{B490072C-EB2D-48BF-B531-559C78789064}.Release|x64.ActiveCfg = Release|Any CPU
		{B490072C-EB2D-48BF-B531-559C78789064}.Release|x64.Build.0 = Release|Any CPU
		{B490072C-EB2D-48BF-B531-559C78789064}.Release|x86.ActiveCfg = Release|Any CPU
		{B490072C-EB2D-48BF-B531-559C78789064}.Release|x86.Build.0 = Release|Any CPU
		{04019789-60EC-4A9F-B0C5-0361C205A71B}.Debug|Any CPU.ActiveCfg = Debug|Any CPU
		{04019789-60EC-4A9F-B0C5-0361C205A71B}.Debug|Any CPU.Build.0 = Debug|Any CPU
		{04019789-60EC-4A9F-B0C5-0361C205A71B}.Debug|x64.ActiveCfg = Debug|Any CPU
		{04019789-60EC-4A9F-B0C5-0361C205A71B}.Debug|x64.Build.0 = Debug|Any CPU
		{04019789-60EC-4A9F-B0C5-0361C205A71B}.Debug|x86.ActiveCfg = Debug|Any CPU
		{04019789-60EC-4A9F-B0C5-0361C205A71B}.Debug|x86.Build.0 = Debug|Any CPU
		{04019789-60EC-4A9F-B0C5-0361C205A71B}.Release|Any CPU.ActiveCfg = Release|Any CPU
		{04019789-60EC-4A9F-B0C5-0361C205A71B}.Release|Any CPU.Build.0 = Release|Any CPU
		{04019789-60EC-4A9F-B0C5-0361C205A71B}.Release|x64.ActiveCfg = Release|Any CPU
		{04019789-60EC-4A9F-B0C5-0361C205A71B}.Release|x64.Build.0 = Release|Any CPU
		{04019789-60EC-4A9F-B0C5-0361C205A71B}.Release|x86.ActiveCfg = Release|Any CPU
		{04019789-60EC-4A9F-B0C5-0361C205A71B}.Release|x86.Build.0 = Release|Any CPU
		{05DB2FC4-7CC5-4278-B971-E4AE87CEED98}.Debug|Any CPU.ActiveCfg = Debug|Any CPU
		{05DB2FC4-7CC5-4278-B971-E4AE87CEED98}.Debug|Any CPU.Build.0 = Debug|Any CPU
		{05DB2FC4-7CC5-4278-B971-E4AE87CEED98}.Debug|x64.ActiveCfg = Debug|Any CPU
		{05DB2FC4-7CC5-4278-B971-E4AE87CEED98}.Debug|x64.Build.0 = Debug|Any CPU
		{05DB2FC4-7CC5-4278-B971-E4AE87CEED98}.Debug|x86.ActiveCfg = Debug|Any CPU
		{05DB2FC4-7CC5-4278-B971-E4AE87CEED98}.Debug|x86.Build.0 = Debug|Any CPU
		{05DB2FC4-7CC5-4278-B971-E4AE87CEED98}.Release|Any CPU.ActiveCfg = Release|Any CPU
		{05DB2FC4-7CC5-4278-B971-E4AE87CEED98}.Release|Any CPU.Build.0 = Release|Any CPU
		{05DB2FC4-7CC5-4278-B971-E4AE87CEED98}.Release|x64.ActiveCfg = Release|Any CPU
		{05DB2FC4-7CC5-4278-B971-E4AE87CEED98}.Release|x64.Build.0 = Release|Any CPU
		{05DB2FC4-7CC5-4278-B971-E4AE87CEED98}.Release|x86.ActiveCfg = Release|Any CPU
		{05DB2FC4-7CC5-4278-B971-E4AE87CEED98}.Release|x86.Build.0 = Release|Any CPU
		{D399C2E3-ED66-4302-A07C-6750C52695F9}.Debug|Any CPU.ActiveCfg = Debug|Any CPU
		{D399C2E3-ED66-4302-A07C-6750C52695F9}.Debug|Any CPU.Build.0 = Debug|Any CPU
		{D399C2E3-ED66-4302-A07C-6750C52695F9}.Debug|x64.ActiveCfg = Debug|Any CPU
		{D399C2E3-ED66-4302-A07C-6750C52695F9}.Debug|x64.Build.0 = Debug|Any CPU
		{D399C2E3-ED66-4302-A07C-6750C52695F9}.Debug|x86.ActiveCfg = Debug|Any CPU
		{D399C2E3-ED66-4302-A07C-6750C52695F9}.Debug|x86.Build.0 = Debug|Any CPU
		{D399C2E3-ED66-4302-A07C-6750C52695F9}.Release|Any CPU.ActiveCfg = Release|Any CPU
		{D399C2E3-ED66-4302-A07C-6750C52695F9}.Release|Any CPU.Build.0 = Release|Any CPU
		{D399C2E3-ED66-4302-A07C-6750C52695F9}.Release|x64.ActiveCfg = Release|Any CPU
		{D399C2E3-ED66-4302-A07C-6750C52695F9}.Release|x64.Build.0 = Release|Any CPU
		{D399C2E3-ED66-4302-A07C-6750C52695F9}.Release|x86.ActiveCfg = Release|Any CPU
		{D399C2E3-ED66-4302-A07C-6750C52695F9}.Release|x86.Build.0 = Release|Any CPU
		{B7DA0210-A636-4B76-A424-74C240562804}.Debug|Any CPU.ActiveCfg = Debug|Any CPU
		{B7DA0210-A636-4B76-A424-74C240562804}.Debug|Any CPU.Build.0 = Debug|Any CPU
		{B7DA0210-A636-4B76-A424-74C240562804}.Debug|x64.ActiveCfg = Debug|Any CPU
		{B7DA0210-A636-4B76-A424-74C240562804}.Debug|x64.Build.0 = Debug|Any CPU
		{B7DA0210-A636-4B76-A424-74C240562804}.Debug|x86.ActiveCfg = Debug|Any CPU
		{B7DA0210-A636-4B76-A424-74C240562804}.Debug|x86.Build.0 = Debug|Any CPU
		{B7DA0210-A636-4B76-A424-74C240562804}.Release|Any CPU.ActiveCfg = Release|Any CPU
		{B7DA0210-A636-4B76-A424-74C240562804}.Release|Any CPU.Build.0 = Release|Any CPU
		{B7DA0210-A636-4B76-A424-74C240562804}.Release|x64.ActiveCfg = Release|Any CPU
		{B7DA0210-A636-4B76-A424-74C240562804}.Release|x64.Build.0 = Release|Any CPU
		{B7DA0210-A636-4B76-A424-74C240562804}.Release|x86.ActiveCfg = Release|Any CPU
		{B7DA0210-A636-4B76-A424-74C240562804}.Release|x86.Build.0 = Release|Any CPU
		{46A25670-8C70-4C05-A109-BB4ABC1C1A17}.Debug|Any CPU.ActiveCfg = Debug|Any CPU
		{46A25670-8C70-4C05-A109-BB4ABC1C1A17}.Debug|Any CPU.Build.0 = Debug|Any CPU
		{46A25670-8C70-4C05-A109-BB4ABC1C1A17}.Debug|x64.ActiveCfg = Debug|Any CPU
		{46A25670-8C70-4C05-A109-BB4ABC1C1A17}.Debug|x64.Build.0 = Debug|Any CPU
		{46A25670-8C70-4C05-A109-BB4ABC1C1A17}.Debug|x86.ActiveCfg = Debug|Any CPU
		{46A25670-8C70-4C05-A109-BB4ABC1C1A17}.Debug|x86.Build.0 = Debug|Any CPU
		{46A25670-8C70-4C05-A109-BB4ABC1C1A17}.Release|Any CPU.ActiveCfg = Release|Any CPU
		{46A25670-8C70-4C05-A109-BB4ABC1C1A17}.Release|Any CPU.Build.0 = Release|Any CPU
		{46A25670-8C70-4C05-A109-BB4ABC1C1A17}.Release|x64.ActiveCfg = Release|Any CPU
		{46A25670-8C70-4C05-A109-BB4ABC1C1A17}.Release|x64.Build.0 = Release|Any CPU
		{46A25670-8C70-4C05-A109-BB4ABC1C1A17}.Release|x86.ActiveCfg = Release|Any CPU
		{46A25670-8C70-4C05-A109-BB4ABC1C1A17}.Release|x86.Build.0 = Release|Any CPU
		{61BDB744-27C8-4490-BF00-68957CB24B83}.Debug|Any CPU.ActiveCfg = Debug|Any CPU
		{61BDB744-27C8-4490-BF00-68957CB24B83}.Debug|Any CPU.Build.0 = Debug|Any CPU
		{61BDB744-27C8-4490-BF00-68957CB24B83}.Debug|x64.ActiveCfg = Debug|Any CPU
		{61BDB744-27C8-4490-BF00-68957CB24B83}.Debug|x64.Build.0 = Debug|Any CPU
		{61BDB744-27C8-4490-BF00-68957CB24B83}.Debug|x86.ActiveCfg = Debug|Any CPU
		{61BDB744-27C8-4490-BF00-68957CB24B83}.Debug|x86.Build.0 = Debug|Any CPU
		{61BDB744-27C8-4490-BF00-68957CB24B83}.Release|Any CPU.ActiveCfg = Release|Any CPU
		{61BDB744-27C8-4490-BF00-68957CB24B83}.Release|Any CPU.Build.0 = Release|Any CPU
		{61BDB744-27C8-4490-BF00-68957CB24B83}.Release|x64.ActiveCfg = Release|Any CPU
		{61BDB744-27C8-4490-BF00-68957CB24B83}.Release|x64.Build.0 = Release|Any CPU
		{61BDB744-27C8-4490-BF00-68957CB24B83}.Release|x86.ActiveCfg = Release|Any CPU
		{61BDB744-27C8-4490-BF00-68957CB24B83}.Release|x86.Build.0 = Release|Any CPU
		{894E0EFB-5E1E-4F6C-940A-07F73F77A550}.Debug|Any CPU.ActiveCfg = Debug|Any CPU
		{894E0EFB-5E1E-4F6C-940A-07F73F77A550}.Debug|Any CPU.Build.0 = Debug|Any CPU
		{894E0EFB-5E1E-4F6C-940A-07F73F77A550}.Debug|x64.ActiveCfg = Debug|Any CPU
		{894E0EFB-5E1E-4F6C-940A-07F73F77A550}.Debug|x64.Build.0 = Debug|Any CPU
		{894E0EFB-5E1E-4F6C-940A-07F73F77A550}.Debug|x86.ActiveCfg = Debug|Any CPU
		{894E0EFB-5E1E-4F6C-940A-07F73F77A550}.Debug|x86.Build.0 = Debug|Any CPU
		{894E0EFB-5E1E-4F6C-940A-07F73F77A550}.Release|Any CPU.ActiveCfg = Release|Any CPU
		{894E0EFB-5E1E-4F6C-940A-07F73F77A550}.Release|Any CPU.Build.0 = Release|Any CPU
		{894E0EFB-5E1E-4F6C-940A-07F73F77A550}.Release|x64.ActiveCfg = Release|Any CPU
		{894E0EFB-5E1E-4F6C-940A-07F73F77A550}.Release|x64.Build.0 = Release|Any CPU
		{894E0EFB-5E1E-4F6C-940A-07F73F77A550}.Release|x86.ActiveCfg = Release|Any CPU
		{894E0EFB-5E1E-4F6C-940A-07F73F77A550}.Release|x86.Build.0 = Release|Any CPU
		{3E4392C6-B6FE-4675-B20D-2D29CADDB560}.Debug|Any CPU.ActiveCfg = Debug|Any CPU
		{3E4392C6-B6FE-4675-B20D-2D29CADDB560}.Debug|Any CPU.Build.0 = Debug|Any CPU
		{3E4392C6-B6FE-4675-B20D-2D29CADDB560}.Debug|x64.ActiveCfg = Debug|Any CPU
		{3E4392C6-B6FE-4675-B20D-2D29CADDB560}.Debug|x64.Build.0 = Debug|Any CPU
		{3E4392C6-B6FE-4675-B20D-2D29CADDB560}.Debug|x86.ActiveCfg = Debug|Any CPU
		{3E4392C6-B6FE-4675-B20D-2D29CADDB560}.Debug|x86.Build.0 = Debug|Any CPU
		{3E4392C6-B6FE-4675-B20D-2D29CADDB560}.Release|Any CPU.ActiveCfg = Release|Any CPU
		{3E4392C6-B6FE-4675-B20D-2D29CADDB560}.Release|Any CPU.Build.0 = Release|Any CPU
		{3E4392C6-B6FE-4675-B20D-2D29CADDB560}.Release|x64.ActiveCfg = Release|Any CPU
		{3E4392C6-B6FE-4675-B20D-2D29CADDB560}.Release|x64.Build.0 = Release|Any CPU
		{3E4392C6-B6FE-4675-B20D-2D29CADDB560}.Release|x86.ActiveCfg = Release|Any CPU
		{3E4392C6-B6FE-4675-B20D-2D29CADDB560}.Release|x86.Build.0 = Release|Any CPU
		{C16755AC-75D0-42C4-A488-213AF33EEBB7}.Debug|Any CPU.ActiveCfg = Debug|Any CPU
		{C16755AC-75D0-42C4-A488-213AF33EEBB7}.Debug|Any CPU.Build.0 = Debug|Any CPU
		{C16755AC-75D0-42C4-A488-213AF33EEBB7}.Debug|x64.ActiveCfg = Debug|Any CPU
		{C16755AC-75D0-42C4-A488-213AF33EEBB7}.Debug|x64.Build.0 = Debug|Any CPU
		{C16755AC-75D0-42C4-A488-213AF33EEBB7}.Debug|x86.ActiveCfg = Debug|Any CPU
		{C16755AC-75D0-42C4-A488-213AF33EEBB7}.Debug|x86.Build.0 = Debug|Any CPU
		{C16755AC-75D0-42C4-A488-213AF33EEBB7}.Release|Any CPU.ActiveCfg = Release|Any CPU
		{C16755AC-75D0-42C4-A488-213AF33EEBB7}.Release|Any CPU.Build.0 = Release|Any CPU
		{C16755AC-75D0-42C4-A488-213AF33EEBB7}.Release|x64.ActiveCfg = Release|Any CPU
		{C16755AC-75D0-42C4-A488-213AF33EEBB7}.Release|x64.Build.0 = Release|Any CPU
		{C16755AC-75D0-42C4-A488-213AF33EEBB7}.Release|x86.ActiveCfg = Release|Any CPU
		{C16755AC-75D0-42C4-A488-213AF33EEBB7}.Release|x86.Build.0 = Release|Any CPU
		{7CB613D1-10CA-4B8A-8848-0CC81719C598}.Debug|Any CPU.ActiveCfg = Debug|Any CPU
		{7CB613D1-10CA-4B8A-8848-0CC81719C598}.Debug|Any CPU.Build.0 = Debug|Any CPU
		{7CB613D1-10CA-4B8A-8848-0CC81719C598}.Debug|x64.ActiveCfg = Debug|Any CPU
		{7CB613D1-10CA-4B8A-8848-0CC81719C598}.Debug|x64.Build.0 = Debug|Any CPU
		{7CB613D1-10CA-4B8A-8848-0CC81719C598}.Debug|x86.ActiveCfg = Debug|Any CPU
		{7CB613D1-10CA-4B8A-8848-0CC81719C598}.Debug|x86.Build.0 = Debug|Any CPU
		{7CB613D1-10CA-4B8A-8848-0CC81719C598}.Release|Any CPU.ActiveCfg = Release|Any CPU
		{7CB613D1-10CA-4B8A-8848-0CC81719C598}.Release|Any CPU.Build.0 = Release|Any CPU
		{7CB613D1-10CA-4B8A-8848-0CC81719C598}.Release|x64.ActiveCfg = Release|Any CPU
		{7CB613D1-10CA-4B8A-8848-0CC81719C598}.Release|x64.Build.0 = Release|Any CPU
		{7CB613D1-10CA-4B8A-8848-0CC81719C598}.Release|x86.ActiveCfg = Release|Any CPU
		{7CB613D1-10CA-4B8A-8848-0CC81719C598}.Release|x86.Build.0 = Release|Any CPU
		{9D54BE3B-7133-4C7B-8E9E-3323062B1E9C}.Debug|Any CPU.ActiveCfg = Debug|Any CPU
		{9D54BE3B-7133-4C7B-8E9E-3323062B1E9C}.Debug|Any CPU.Build.0 = Debug|Any CPU
		{9D54BE3B-7133-4C7B-8E9E-3323062B1E9C}.Debug|x64.ActiveCfg = Debug|Any CPU
		{9D54BE3B-7133-4C7B-8E9E-3323062B1E9C}.Debug|x64.Build.0 = Debug|Any CPU
		{9D54BE3B-7133-4C7B-8E9E-3323062B1E9C}.Debug|x86.ActiveCfg = Debug|Any CPU
		{9D54BE3B-7133-4C7B-8E9E-3323062B1E9C}.Debug|x86.Build.0 = Debug|Any CPU
		{9D54BE3B-7133-4C7B-8E9E-3323062B1E9C}.Release|Any CPU.ActiveCfg = Release|Any CPU
		{9D54BE3B-7133-4C7B-8E9E-3323062B1E9C}.Release|Any CPU.Build.0 = Release|Any CPU
		{9D54BE3B-7133-4C7B-8E9E-3323062B1E9C}.Release|x64.ActiveCfg = Release|Any CPU
		{9D54BE3B-7133-4C7B-8E9E-3323062B1E9C}.Release|x64.Build.0 = Release|Any CPU
		{9D54BE3B-7133-4C7B-8E9E-3323062B1E9C}.Release|x86.ActiveCfg = Release|Any CPU
		{9D54BE3B-7133-4C7B-8E9E-3323062B1E9C}.Release|x86.Build.0 = Release|Any CPU
		{A604286F-5EE4-4BD1-A184-61893034B20D}.Debug|Any CPU.ActiveCfg = Debug|Any CPU
		{A604286F-5EE4-4BD1-A184-61893034B20D}.Debug|Any CPU.Build.0 = Debug|Any CPU
		{A604286F-5EE4-4BD1-A184-61893034B20D}.Debug|x64.ActiveCfg = Debug|Any CPU
		{A604286F-5EE4-4BD1-A184-61893034B20D}.Debug|x64.Build.0 = Debug|Any CPU
		{A604286F-5EE4-4BD1-A184-61893034B20D}.Debug|x86.ActiveCfg = Debug|Any CPU
		{A604286F-5EE4-4BD1-A184-61893034B20D}.Debug|x86.Build.0 = Debug|Any CPU
		{A604286F-5EE4-4BD1-A184-61893034B20D}.Release|Any CPU.ActiveCfg = Release|Any CPU
		{A604286F-5EE4-4BD1-A184-61893034B20D}.Release|Any CPU.Build.0 = Release|Any CPU
		{A604286F-5EE4-4BD1-A184-61893034B20D}.Release|x64.ActiveCfg = Release|Any CPU
		{A604286F-5EE4-4BD1-A184-61893034B20D}.Release|x64.Build.0 = Release|Any CPU
		{A604286F-5EE4-4BD1-A184-61893034B20D}.Release|x86.ActiveCfg = Release|Any CPU
		{A604286F-5EE4-4BD1-A184-61893034B20D}.Release|x86.Build.0 = Release|Any CPU
		{B75B61AD-9C12-47EF-B0CC-60D0A427F94D}.Debug|Any CPU.ActiveCfg = Debug|Any CPU
		{B75B61AD-9C12-47EF-B0CC-60D0A427F94D}.Debug|Any CPU.Build.0 = Debug|Any CPU
		{B75B61AD-9C12-47EF-B0CC-60D0A427F94D}.Debug|x64.ActiveCfg = Debug|Any CPU
		{B75B61AD-9C12-47EF-B0CC-60D0A427F94D}.Debug|x64.Build.0 = Debug|Any CPU
		{B75B61AD-9C12-47EF-B0CC-60D0A427F94D}.Debug|x86.ActiveCfg = Debug|Any CPU
		{B75B61AD-9C12-47EF-B0CC-60D0A427F94D}.Debug|x86.Build.0 = Debug|Any CPU
		{B75B61AD-9C12-47EF-B0CC-60D0A427F94D}.Release|Any CPU.ActiveCfg = Release|Any CPU
		{B75B61AD-9C12-47EF-B0CC-60D0A427F94D}.Release|Any CPU.Build.0 = Release|Any CPU
		{B75B61AD-9C12-47EF-B0CC-60D0A427F94D}.Release|x64.ActiveCfg = Release|Any CPU
		{B75B61AD-9C12-47EF-B0CC-60D0A427F94D}.Release|x64.Build.0 = Release|Any CPU
		{B75B61AD-9C12-47EF-B0CC-60D0A427F94D}.Release|x86.ActiveCfg = Release|Any CPU
		{B75B61AD-9C12-47EF-B0CC-60D0A427F94D}.Release|x86.Build.0 = Release|Any CPU
		{E588392A-C1EE-45D6-8EA8-0CDF799ED32A}.Debug|Any CPU.ActiveCfg = Debug|Any CPU
		{E588392A-C1EE-45D6-8EA8-0CDF799ED32A}.Debug|Any CPU.Build.0 = Debug|Any CPU
		{E588392A-C1EE-45D6-8EA8-0CDF799ED32A}.Debug|x64.ActiveCfg = Debug|Any CPU
		{E588392A-C1EE-45D6-8EA8-0CDF799ED32A}.Debug|x64.Build.0 = Debug|Any CPU
		{E588392A-C1EE-45D6-8EA8-0CDF799ED32A}.Debug|x86.ActiveCfg = Debug|Any CPU
		{E588392A-C1EE-45D6-8EA8-0CDF799ED32A}.Debug|x86.Build.0 = Debug|Any CPU
		{E588392A-C1EE-45D6-8EA8-0CDF799ED32A}.Release|Any CPU.ActiveCfg = Release|Any CPU
		{E588392A-C1EE-45D6-8EA8-0CDF799ED32A}.Release|Any CPU.Build.0 = Release|Any CPU
		{E588392A-C1EE-45D6-8EA8-0CDF799ED32A}.Release|x64.ActiveCfg = Release|Any CPU
		{E588392A-C1EE-45D6-8EA8-0CDF799ED32A}.Release|x64.Build.0 = Release|Any CPU
		{E588392A-C1EE-45D6-8EA8-0CDF799ED32A}.Release|x86.ActiveCfg = Release|Any CPU
		{E588392A-C1EE-45D6-8EA8-0CDF799ED32A}.Release|x86.Build.0 = Release|Any CPU
		{87C0D7D4-D27C-49FE-9151-480AABB0DB3E}.Debug|Any CPU.ActiveCfg = Debug|Any CPU
		{87C0D7D4-D27C-49FE-9151-480AABB0DB3E}.Debug|Any CPU.Build.0 = Debug|Any CPU
		{87C0D7D4-D27C-49FE-9151-480AABB0DB3E}.Debug|x64.ActiveCfg = Debug|Any CPU
		{87C0D7D4-D27C-49FE-9151-480AABB0DB3E}.Debug|x64.Build.0 = Debug|Any CPU
		{87C0D7D4-D27C-49FE-9151-480AABB0DB3E}.Debug|x86.ActiveCfg = Debug|Any CPU
		{87C0D7D4-D27C-49FE-9151-480AABB0DB3E}.Debug|x86.Build.0 = Debug|Any CPU
		{87C0D7D4-D27C-49FE-9151-480AABB0DB3E}.Release|Any CPU.ActiveCfg = Release|Any CPU
		{87C0D7D4-D27C-49FE-9151-480AABB0DB3E}.Release|Any CPU.Build.0 = Release|Any CPU
		{87C0D7D4-D27C-49FE-9151-480AABB0DB3E}.Release|x64.ActiveCfg = Release|Any CPU
		{87C0D7D4-D27C-49FE-9151-480AABB0DB3E}.Release|x64.Build.0 = Release|Any CPU
		{87C0D7D4-D27C-49FE-9151-480AABB0DB3E}.Release|x86.ActiveCfg = Release|Any CPU
		{87C0D7D4-D27C-49FE-9151-480AABB0DB3E}.Release|x86.Build.0 = Release|Any CPU
		{C995ACD5-759F-40F5-B109-CC0077F28407}.Debug|Any CPU.ActiveCfg = Debug|Any CPU
		{C995ACD5-759F-40F5-B109-CC0077F28407}.Debug|Any CPU.Build.0 = Debug|Any CPU
		{C995ACD5-759F-40F5-B109-CC0077F28407}.Debug|x64.ActiveCfg = Debug|Any CPU
		{C995ACD5-759F-40F5-B109-CC0077F28407}.Debug|x64.Build.0 = Debug|Any CPU
		{C995ACD5-759F-40F5-B109-CC0077F28407}.Debug|x86.ActiveCfg = Debug|Any CPU
		{C995ACD5-759F-40F5-B109-CC0077F28407}.Debug|x86.Build.0 = Debug|Any CPU
		{C995ACD5-759F-40F5-B109-CC0077F28407}.Release|Any CPU.ActiveCfg = Release|Any CPU
		{C995ACD5-759F-40F5-B109-CC0077F28407}.Release|Any CPU.Build.0 = Release|Any CPU
		{C995ACD5-759F-40F5-B109-CC0077F28407}.Release|x64.ActiveCfg = Release|Any CPU
		{C995ACD5-759F-40F5-B109-CC0077F28407}.Release|x64.Build.0 = Release|Any CPU
		{C995ACD5-759F-40F5-B109-CC0077F28407}.Release|x86.ActiveCfg = Release|Any CPU
		{C995ACD5-759F-40F5-B109-CC0077F28407}.Release|x86.Build.0 = Release|Any CPU
		{BE4AC69A-BA97-4DBA-868F-4467DA12FBDD}.Debug|Any CPU.ActiveCfg = Debug|Any CPU
		{BE4AC69A-BA97-4DBA-868F-4467DA12FBDD}.Debug|Any CPU.Build.0 = Debug|Any CPU
		{BE4AC69A-BA97-4DBA-868F-4467DA12FBDD}.Debug|x64.ActiveCfg = Debug|Any CPU
		{BE4AC69A-BA97-4DBA-868F-4467DA12FBDD}.Debug|x64.Build.0 = Debug|Any CPU
		{BE4AC69A-BA97-4DBA-868F-4467DA12FBDD}.Debug|x86.ActiveCfg = Debug|Any CPU
		{BE4AC69A-BA97-4DBA-868F-4467DA12FBDD}.Debug|x86.Build.0 = Debug|Any CPU
		{BE4AC69A-BA97-4DBA-868F-4467DA12FBDD}.Release|Any CPU.ActiveCfg = Release|Any CPU
		{BE4AC69A-BA97-4DBA-868F-4467DA12FBDD}.Release|Any CPU.Build.0 = Release|Any CPU
		{BE4AC69A-BA97-4DBA-868F-4467DA12FBDD}.Release|x64.ActiveCfg = Release|Any CPU
		{BE4AC69A-BA97-4DBA-868F-4467DA12FBDD}.Release|x64.Build.0 = Release|Any CPU
		{BE4AC69A-BA97-4DBA-868F-4467DA12FBDD}.Release|x86.ActiveCfg = Release|Any CPU
		{BE4AC69A-BA97-4DBA-868F-4467DA12FBDD}.Release|x86.Build.0 = Release|Any CPU
		{5C54DC85-FEB5-4593-824F-303820E8622C}.Debug|Any CPU.ActiveCfg = Debug|Any CPU
		{5C54DC85-FEB5-4593-824F-303820E8622C}.Debug|Any CPU.Build.0 = Debug|Any CPU
		{5C54DC85-FEB5-4593-824F-303820E8622C}.Debug|x64.ActiveCfg = Debug|Any CPU
		{5C54DC85-FEB5-4593-824F-303820E8622C}.Debug|x64.Build.0 = Debug|Any CPU
		{5C54DC85-FEB5-4593-824F-303820E8622C}.Debug|x86.ActiveCfg = Debug|Any CPU
		{5C54DC85-FEB5-4593-824F-303820E8622C}.Debug|x86.Build.0 = Debug|Any CPU
		{5C54DC85-FEB5-4593-824F-303820E8622C}.Release|Any CPU.ActiveCfg = Release|Any CPU
		{5C54DC85-FEB5-4593-824F-303820E8622C}.Release|Any CPU.Build.0 = Release|Any CPU
		{5C54DC85-FEB5-4593-824F-303820E8622C}.Release|x64.ActiveCfg = Release|Any CPU
		{5C54DC85-FEB5-4593-824F-303820E8622C}.Release|x64.Build.0 = Release|Any CPU
		{5C54DC85-FEB5-4593-824F-303820E8622C}.Release|x86.ActiveCfg = Release|Any CPU
		{5C54DC85-FEB5-4593-824F-303820E8622C}.Release|x86.Build.0 = Release|Any CPU
		{290405E4-5ED0-41B8-9734-71833D9C93B2}.Debug|Any CPU.ActiveCfg = Debug|Any CPU
		{290405E4-5ED0-41B8-9734-71833D9C93B2}.Debug|Any CPU.Build.0 = Debug|Any CPU
		{290405E4-5ED0-41B8-9734-71833D9C93B2}.Debug|x64.ActiveCfg = Debug|Any CPU
		{290405E4-5ED0-41B8-9734-71833D9C93B2}.Debug|x64.Build.0 = Debug|Any CPU
		{290405E4-5ED0-41B8-9734-71833D9C93B2}.Debug|x86.ActiveCfg = Debug|Any CPU
		{290405E4-5ED0-41B8-9734-71833D9C93B2}.Debug|x86.Build.0 = Debug|Any CPU
		{290405E4-5ED0-41B8-9734-71833D9C93B2}.Release|Any CPU.ActiveCfg = Release|Any CPU
		{290405E4-5ED0-41B8-9734-71833D9C93B2}.Release|Any CPU.Build.0 = Release|Any CPU
		{290405E4-5ED0-41B8-9734-71833D9C93B2}.Release|x64.ActiveCfg = Release|Any CPU
		{290405E4-5ED0-41B8-9734-71833D9C93B2}.Release|x64.Build.0 = Release|Any CPU
		{290405E4-5ED0-41B8-9734-71833D9C93B2}.Release|x86.ActiveCfg = Release|Any CPU
		{290405E4-5ED0-41B8-9734-71833D9C93B2}.Release|x86.Build.0 = Release|Any CPU
		{3C11F911-18B9-40A8-B142-359A4D217006}.Debug|Any CPU.ActiveCfg = Debug|Any CPU
		{3C11F911-18B9-40A8-B142-359A4D217006}.Debug|Any CPU.Build.0 = Debug|Any CPU
		{3C11F911-18B9-40A8-B142-359A4D217006}.Debug|x64.ActiveCfg = Debug|Any CPU
		{3C11F911-18B9-40A8-B142-359A4D217006}.Debug|x64.Build.0 = Debug|Any CPU
		{3C11F911-18B9-40A8-B142-359A4D217006}.Debug|x86.ActiveCfg = Debug|Any CPU
		{3C11F911-18B9-40A8-B142-359A4D217006}.Debug|x86.Build.0 = Debug|Any CPU
		{3C11F911-18B9-40A8-B142-359A4D217006}.Release|Any CPU.ActiveCfg = Release|Any CPU
		{3C11F911-18B9-40A8-B142-359A4D217006}.Release|Any CPU.Build.0 = Release|Any CPU
		{3C11F911-18B9-40A8-B142-359A4D217006}.Release|x64.ActiveCfg = Release|Any CPU
		{3C11F911-18B9-40A8-B142-359A4D217006}.Release|x64.Build.0 = Release|Any CPU
		{3C11F911-18B9-40A8-B142-359A4D217006}.Release|x86.ActiveCfg = Release|Any CPU
		{3C11F911-18B9-40A8-B142-359A4D217006}.Release|x86.Build.0 = Release|Any CPU
		{984416A8-2005-4B3E-9203-B076E07AECF7}.Debug|Any CPU.ActiveCfg = Debug|Any CPU
		{984416A8-2005-4B3E-9203-B076E07AECF7}.Debug|Any CPU.Build.0 = Debug|Any CPU
		{984416A8-2005-4B3E-9203-B076E07AECF7}.Debug|x64.ActiveCfg = Debug|Any CPU
		{984416A8-2005-4B3E-9203-B076E07AECF7}.Debug|x64.Build.0 = Debug|Any CPU
		{984416A8-2005-4B3E-9203-B076E07AECF7}.Debug|x86.ActiveCfg = Debug|Any CPU
		{984416A8-2005-4B3E-9203-B076E07AECF7}.Debug|x86.Build.0 = Debug|Any CPU
		{984416A8-2005-4B3E-9203-B076E07AECF7}.Release|Any CPU.ActiveCfg = Release|Any CPU
		{984416A8-2005-4B3E-9203-B076E07AECF7}.Release|Any CPU.Build.0 = Release|Any CPU
		{984416A8-2005-4B3E-9203-B076E07AECF7}.Release|x64.ActiveCfg = Release|Any CPU
		{984416A8-2005-4B3E-9203-B076E07AECF7}.Release|x64.Build.0 = Release|Any CPU
		{984416A8-2005-4B3E-9203-B076E07AECF7}.Release|x86.ActiveCfg = Release|Any CPU
		{984416A8-2005-4B3E-9203-B076E07AECF7}.Release|x86.Build.0 = Release|Any CPU
		{2AA291C3-69C0-4952-9357-5CBA3D744679}.Debug|Any CPU.ActiveCfg = Debug|Any CPU
		{2AA291C3-69C0-4952-9357-5CBA3D744679}.Debug|Any CPU.Build.0 = Debug|Any CPU
		{2AA291C3-69C0-4952-9357-5CBA3D744679}.Debug|x64.ActiveCfg = Debug|Any CPU
		{2AA291C3-69C0-4952-9357-5CBA3D744679}.Debug|x64.Build.0 = Debug|Any CPU
		{2AA291C3-69C0-4952-9357-5CBA3D744679}.Debug|x86.ActiveCfg = Debug|Any CPU
		{2AA291C3-69C0-4952-9357-5CBA3D744679}.Debug|x86.Build.0 = Debug|Any CPU
		{2AA291C3-69C0-4952-9357-5CBA3D744679}.Release|Any CPU.ActiveCfg = Release|Any CPU
		{2AA291C3-69C0-4952-9357-5CBA3D744679}.Release|Any CPU.Build.0 = Release|Any CPU
		{2AA291C3-69C0-4952-9357-5CBA3D744679}.Release|x64.ActiveCfg = Release|Any CPU
		{2AA291C3-69C0-4952-9357-5CBA3D744679}.Release|x64.Build.0 = Release|Any CPU
		{2AA291C3-69C0-4952-9357-5CBA3D744679}.Release|x86.ActiveCfg = Release|Any CPU
		{2AA291C3-69C0-4952-9357-5CBA3D744679}.Release|x86.Build.0 = Release|Any CPU
		{5FA021B5-464E-4163-86B4-000BC8E36BA0}.Debug|Any CPU.ActiveCfg = Debug|Any CPU
		{5FA021B5-464E-4163-86B4-000BC8E36BA0}.Debug|Any CPU.Build.0 = Debug|Any CPU
		{5FA021B5-464E-4163-86B4-000BC8E36BA0}.Debug|x64.ActiveCfg = Debug|Any CPU
		{5FA021B5-464E-4163-86B4-000BC8E36BA0}.Debug|x64.Build.0 = Debug|Any CPU
		{5FA021B5-464E-4163-86B4-000BC8E36BA0}.Debug|x86.ActiveCfg = Debug|Any CPU
		{5FA021B5-464E-4163-86B4-000BC8E36BA0}.Debug|x86.Build.0 = Debug|Any CPU
		{5FA021B5-464E-4163-86B4-000BC8E36BA0}.Release|Any CPU.ActiveCfg = Release|Any CPU
		{5FA021B5-464E-4163-86B4-000BC8E36BA0}.Release|Any CPU.Build.0 = Release|Any CPU
		{5FA021B5-464E-4163-86B4-000BC8E36BA0}.Release|x64.ActiveCfg = Release|Any CPU
		{5FA021B5-464E-4163-86B4-000BC8E36BA0}.Release|x64.Build.0 = Release|Any CPU
		{5FA021B5-464E-4163-86B4-000BC8E36BA0}.Release|x86.ActiveCfg = Release|Any CPU
		{5FA021B5-464E-4163-86B4-000BC8E36BA0}.Release|x86.Build.0 = Release|Any CPU
		{6452EC56-E3A3-4730-9DFF-6B6F2153C886}.Debug|Any CPU.ActiveCfg = Debug|Any CPU
		{6452EC56-E3A3-4730-9DFF-6B6F2153C886}.Debug|Any CPU.Build.0 = Debug|Any CPU
		{6452EC56-E3A3-4730-9DFF-6B6F2153C886}.Debug|x64.ActiveCfg = Debug|Any CPU
		{6452EC56-E3A3-4730-9DFF-6B6F2153C886}.Debug|x64.Build.0 = Debug|Any CPU
		{6452EC56-E3A3-4730-9DFF-6B6F2153C886}.Debug|x86.ActiveCfg = Debug|Any CPU
		{6452EC56-E3A3-4730-9DFF-6B6F2153C886}.Debug|x86.Build.0 = Debug|Any CPU
		{6452EC56-E3A3-4730-9DFF-6B6F2153C886}.Release|Any CPU.ActiveCfg = Release|Any CPU
		{6452EC56-E3A3-4730-9DFF-6B6F2153C886}.Release|Any CPU.Build.0 = Release|Any CPU
		{6452EC56-E3A3-4730-9DFF-6B6F2153C886}.Release|x64.ActiveCfg = Release|Any CPU
		{6452EC56-E3A3-4730-9DFF-6B6F2153C886}.Release|x64.Build.0 = Release|Any CPU
		{6452EC56-E3A3-4730-9DFF-6B6F2153C886}.Release|x86.ActiveCfg = Release|Any CPU
		{6452EC56-E3A3-4730-9DFF-6B6F2153C886}.Release|x86.Build.0 = Release|Any CPU
		{A8F53814-8924-4E60-88A5-8D987470CCCF}.Debug|Any CPU.ActiveCfg = Debug|Any CPU
		{A8F53814-8924-4E60-88A5-8D987470CCCF}.Debug|Any CPU.Build.0 = Debug|Any CPU
		{A8F53814-8924-4E60-88A5-8D987470CCCF}.Debug|x64.ActiveCfg = Debug|Any CPU
		{A8F53814-8924-4E60-88A5-8D987470CCCF}.Debug|x64.Build.0 = Debug|Any CPU
		{A8F53814-8924-4E60-88A5-8D987470CCCF}.Debug|x86.ActiveCfg = Debug|Any CPU
		{A8F53814-8924-4E60-88A5-8D987470CCCF}.Debug|x86.Build.0 = Debug|Any CPU
		{A8F53814-8924-4E60-88A5-8D987470CCCF}.Release|Any CPU.ActiveCfg = Release|Any CPU
		{A8F53814-8924-4E60-88A5-8D987470CCCF}.Release|Any CPU.Build.0 = Release|Any CPU
		{A8F53814-8924-4E60-88A5-8D987470CCCF}.Release|x64.ActiveCfg = Release|Any CPU
		{A8F53814-8924-4E60-88A5-8D987470CCCF}.Release|x64.Build.0 = Release|Any CPU
		{A8F53814-8924-4E60-88A5-8D987470CCCF}.Release|x86.ActiveCfg = Release|Any CPU
		{A8F53814-8924-4E60-88A5-8D987470CCCF}.Release|x86.Build.0 = Release|Any CPU
		{F4316934-B9C7-465B-8397-B5B626636716}.Debug|Any CPU.ActiveCfg = Debug|Any CPU
		{F4316934-B9C7-465B-8397-B5B626636716}.Debug|Any CPU.Build.0 = Debug|Any CPU
		{F4316934-B9C7-465B-8397-B5B626636716}.Debug|x64.ActiveCfg = Debug|Any CPU
		{F4316934-B9C7-465B-8397-B5B626636716}.Debug|x64.Build.0 = Debug|Any CPU
		{F4316934-B9C7-465B-8397-B5B626636716}.Debug|x86.ActiveCfg = Debug|Any CPU
		{F4316934-B9C7-465B-8397-B5B626636716}.Debug|x86.Build.0 = Debug|Any CPU
		{F4316934-B9C7-465B-8397-B5B626636716}.Release|Any CPU.ActiveCfg = Release|Any CPU
		{F4316934-B9C7-465B-8397-B5B626636716}.Release|Any CPU.Build.0 = Release|Any CPU
		{F4316934-B9C7-465B-8397-B5B626636716}.Release|x64.ActiveCfg = Release|Any CPU
		{F4316934-B9C7-465B-8397-B5B626636716}.Release|x64.Build.0 = Release|Any CPU
		{F4316934-B9C7-465B-8397-B5B626636716}.Release|x86.ActiveCfg = Release|Any CPU
		{F4316934-B9C7-465B-8397-B5B626636716}.Release|x86.Build.0 = Release|Any CPU
		{421D7215-90EF-4E41-9A96-BEDB0882389F}.Debug|Any CPU.ActiveCfg = Debug|Any CPU
		{421D7215-90EF-4E41-9A96-BEDB0882389F}.Debug|Any CPU.Build.0 = Debug|Any CPU
		{421D7215-90EF-4E41-9A96-BEDB0882389F}.Debug|x64.ActiveCfg = Debug|Any CPU
		{421D7215-90EF-4E41-9A96-BEDB0882389F}.Debug|x64.Build.0 = Debug|Any CPU
		{421D7215-90EF-4E41-9A96-BEDB0882389F}.Debug|x86.ActiveCfg = Debug|Any CPU
		{421D7215-90EF-4E41-9A96-BEDB0882389F}.Debug|x86.Build.0 = Debug|Any CPU
		{421D7215-90EF-4E41-9A96-BEDB0882389F}.Release|Any CPU.ActiveCfg = Release|Any CPU
		{421D7215-90EF-4E41-9A96-BEDB0882389F}.Release|Any CPU.Build.0 = Release|Any CPU
		{421D7215-90EF-4E41-9A96-BEDB0882389F}.Release|x64.ActiveCfg = Release|Any CPU
		{421D7215-90EF-4E41-9A96-BEDB0882389F}.Release|x64.Build.0 = Release|Any CPU
		{421D7215-90EF-4E41-9A96-BEDB0882389F}.Release|x86.ActiveCfg = Release|Any CPU
		{421D7215-90EF-4E41-9A96-BEDB0882389F}.Release|x86.Build.0 = Release|Any CPU
		{6BD023F6-329A-4A4F-AE02-005B91A33D93}.Debug|Any CPU.ActiveCfg = Debug|Any CPU
		{6BD023F6-329A-4A4F-AE02-005B91A33D93}.Debug|Any CPU.Build.0 = Debug|Any CPU
		{6BD023F6-329A-4A4F-AE02-005B91A33D93}.Debug|x64.ActiveCfg = Debug|Any CPU
		{6BD023F6-329A-4A4F-AE02-005B91A33D93}.Debug|x64.Build.0 = Debug|Any CPU
		{6BD023F6-329A-4A4F-AE02-005B91A33D93}.Debug|x86.ActiveCfg = Debug|Any CPU
		{6BD023F6-329A-4A4F-AE02-005B91A33D93}.Debug|x86.Build.0 = Debug|Any CPU
		{6BD023F6-329A-4A4F-AE02-005B91A33D93}.Release|Any CPU.ActiveCfg = Release|Any CPU
		{6BD023F6-329A-4A4F-AE02-005B91A33D93}.Release|Any CPU.Build.0 = Release|Any CPU
		{6BD023F6-329A-4A4F-AE02-005B91A33D93}.Release|x64.ActiveCfg = Release|Any CPU
		{6BD023F6-329A-4A4F-AE02-005B91A33D93}.Release|x64.Build.0 = Release|Any CPU
		{6BD023F6-329A-4A4F-AE02-005B91A33D93}.Release|x86.ActiveCfg = Release|Any CPU
		{6BD023F6-329A-4A4F-AE02-005B91A33D93}.Release|x86.Build.0 = Release|Any CPU
		{1411901E-E82B-4417-B4AE-DE9BB7E48619}.Debug|Any CPU.ActiveCfg = Debug|Any CPU
		{1411901E-E82B-4417-B4AE-DE9BB7E48619}.Debug|Any CPU.Build.0 = Debug|Any CPU
		{1411901E-E82B-4417-B4AE-DE9BB7E48619}.Debug|x64.ActiveCfg = Debug|Any CPU
		{1411901E-E82B-4417-B4AE-DE9BB7E48619}.Debug|x64.Build.0 = Debug|Any CPU
		{1411901E-E82B-4417-B4AE-DE9BB7E48619}.Debug|x86.ActiveCfg = Debug|Any CPU
		{1411901E-E82B-4417-B4AE-DE9BB7E48619}.Debug|x86.Build.0 = Debug|Any CPU
		{1411901E-E82B-4417-B4AE-DE9BB7E48619}.Release|Any CPU.ActiveCfg = Release|Any CPU
		{1411901E-E82B-4417-B4AE-DE9BB7E48619}.Release|Any CPU.Build.0 = Release|Any CPU
		{1411901E-E82B-4417-B4AE-DE9BB7E48619}.Release|x64.ActiveCfg = Release|Any CPU
		{1411901E-E82B-4417-B4AE-DE9BB7E48619}.Release|x64.Build.0 = Release|Any CPU
		{1411901E-E82B-4417-B4AE-DE9BB7E48619}.Release|x86.ActiveCfg = Release|Any CPU
		{1411901E-E82B-4417-B4AE-DE9BB7E48619}.Release|x86.Build.0 = Release|Any CPU
		{BEEF0C26-FD4B-43E3-AD88-66A695973274}.Debug|Any CPU.ActiveCfg = Debug|Any CPU
		{BEEF0C26-FD4B-43E3-AD88-66A695973274}.Debug|Any CPU.Build.0 = Debug|Any CPU
		{BEEF0C26-FD4B-43E3-AD88-66A695973274}.Debug|x64.ActiveCfg = Debug|Any CPU
		{BEEF0C26-FD4B-43E3-AD88-66A695973274}.Debug|x64.Build.0 = Debug|Any CPU
		{BEEF0C26-FD4B-43E3-AD88-66A695973274}.Debug|x86.ActiveCfg = Debug|Any CPU
		{BEEF0C26-FD4B-43E3-AD88-66A695973274}.Debug|x86.Build.0 = Debug|Any CPU
		{BEEF0C26-FD4B-43E3-AD88-66A695973274}.Release|Any CPU.ActiveCfg = Release|Any CPU
		{BEEF0C26-FD4B-43E3-AD88-66A695973274}.Release|Any CPU.Build.0 = Release|Any CPU
		{BEEF0C26-FD4B-43E3-AD88-66A695973274}.Release|x64.ActiveCfg = Release|Any CPU
		{BEEF0C26-FD4B-43E3-AD88-66A695973274}.Release|x64.Build.0 = Release|Any CPU
		{BEEF0C26-FD4B-43E3-AD88-66A695973274}.Release|x86.ActiveCfg = Release|Any CPU
		{BEEF0C26-FD4B-43E3-AD88-66A695973274}.Release|x86.Build.0 = Release|Any CPU
		{1E606E09-D769-48B3-9C0B-0A07A9242C79}.Debug|Any CPU.ActiveCfg = Debug|Any CPU
		{1E606E09-D769-48B3-9C0B-0A07A9242C79}.Debug|Any CPU.Build.0 = Debug|Any CPU
		{1E606E09-D769-48B3-9C0B-0A07A9242C79}.Debug|x64.ActiveCfg = Debug|Any CPU
		{1E606E09-D769-48B3-9C0B-0A07A9242C79}.Debug|x64.Build.0 = Debug|Any CPU
		{1E606E09-D769-48B3-9C0B-0A07A9242C79}.Debug|x86.ActiveCfg = Debug|Any CPU
		{1E606E09-D769-48B3-9C0B-0A07A9242C79}.Debug|x86.Build.0 = Debug|Any CPU
		{1E606E09-D769-48B3-9C0B-0A07A9242C79}.Release|Any CPU.ActiveCfg = Release|Any CPU
		{1E606E09-D769-48B3-9C0B-0A07A9242C79}.Release|Any CPU.Build.0 = Release|Any CPU
		{1E606E09-D769-48B3-9C0B-0A07A9242C79}.Release|x64.ActiveCfg = Release|Any CPU
		{1E606E09-D769-48B3-9C0B-0A07A9242C79}.Release|x64.Build.0 = Release|Any CPU
		{1E606E09-D769-48B3-9C0B-0A07A9242C79}.Release|x86.ActiveCfg = Release|Any CPU
		{1E606E09-D769-48B3-9C0B-0A07A9242C79}.Release|x86.Build.0 = Release|Any CPU
		{3231DD81-A6AA-4D8D-AAC2-E359A1A2C37E}.Debug|Any CPU.ActiveCfg = Debug|Any CPU
		{3231DD81-A6AA-4D8D-AAC2-E359A1A2C37E}.Debug|Any CPU.Build.0 = Debug|Any CPU
		{3231DD81-A6AA-4D8D-AAC2-E359A1A2C37E}.Debug|x64.ActiveCfg = Debug|Any CPU
		{3231DD81-A6AA-4D8D-AAC2-E359A1A2C37E}.Debug|x64.Build.0 = Debug|Any CPU
		{3231DD81-A6AA-4D8D-AAC2-E359A1A2C37E}.Debug|x86.ActiveCfg = Debug|Any CPU
		{3231DD81-A6AA-4D8D-AAC2-E359A1A2C37E}.Debug|x86.Build.0 = Debug|Any CPU
		{3231DD81-A6AA-4D8D-AAC2-E359A1A2C37E}.Release|Any CPU.ActiveCfg = Release|Any CPU
		{3231DD81-A6AA-4D8D-AAC2-E359A1A2C37E}.Release|Any CPU.Build.0 = Release|Any CPU
		{3231DD81-A6AA-4D8D-AAC2-E359A1A2C37E}.Release|x64.ActiveCfg = Release|Any CPU
		{3231DD81-A6AA-4D8D-AAC2-E359A1A2C37E}.Release|x64.Build.0 = Release|Any CPU
		{3231DD81-A6AA-4D8D-AAC2-E359A1A2C37E}.Release|x86.ActiveCfg = Release|Any CPU
		{3231DD81-A6AA-4D8D-AAC2-E359A1A2C37E}.Release|x86.Build.0 = Release|Any CPU
		{79CAAAA7-289C-4FFC-BCDE-B4D301657937}.Debug|Any CPU.ActiveCfg = Debug|Any CPU
		{79CAAAA7-289C-4FFC-BCDE-B4D301657937}.Debug|Any CPU.Build.0 = Debug|Any CPU
		{79CAAAA7-289C-4FFC-BCDE-B4D301657937}.Debug|x64.ActiveCfg = Debug|Any CPU
		{79CAAAA7-289C-4FFC-BCDE-B4D301657937}.Debug|x64.Build.0 = Debug|Any CPU
		{79CAAAA7-289C-4FFC-BCDE-B4D301657937}.Debug|x86.ActiveCfg = Debug|Any CPU
		{79CAAAA7-289C-4FFC-BCDE-B4D301657937}.Debug|x86.Build.0 = Debug|Any CPU
		{79CAAAA7-289C-4FFC-BCDE-B4D301657937}.Release|Any CPU.ActiveCfg = Release|Any CPU
		{79CAAAA7-289C-4FFC-BCDE-B4D301657937}.Release|Any CPU.Build.0 = Release|Any CPU
		{79CAAAA7-289C-4FFC-BCDE-B4D301657937}.Release|x64.ActiveCfg = Release|Any CPU
		{79CAAAA7-289C-4FFC-BCDE-B4D301657937}.Release|x64.Build.0 = Release|Any CPU
		{79CAAAA7-289C-4FFC-BCDE-B4D301657937}.Release|x86.ActiveCfg = Release|Any CPU
		{79CAAAA7-289C-4FFC-BCDE-B4D301657937}.Release|x86.Build.0 = Release|Any CPU
		{33AF001D-303C-4BF0-B17C-24002F8F362E}.Debug|Any CPU.ActiveCfg = Debug|Any CPU
		{33AF001D-303C-4BF0-B17C-24002F8F362E}.Debug|Any CPU.Build.0 = Debug|Any CPU
		{33AF001D-303C-4BF0-B17C-24002F8F362E}.Debug|x64.ActiveCfg = Debug|Any CPU
		{33AF001D-303C-4BF0-B17C-24002F8F362E}.Debug|x64.Build.0 = Debug|Any CPU
		{33AF001D-303C-4BF0-B17C-24002F8F362E}.Debug|x86.ActiveCfg = Debug|Any CPU
		{33AF001D-303C-4BF0-B17C-24002F8F362E}.Debug|x86.Build.0 = Debug|Any CPU
		{33AF001D-303C-4BF0-B17C-24002F8F362E}.Release|Any CPU.ActiveCfg = Release|Any CPU
		{33AF001D-303C-4BF0-B17C-24002F8F362E}.Release|Any CPU.Build.0 = Release|Any CPU
		{33AF001D-303C-4BF0-B17C-24002F8F362E}.Release|x64.ActiveCfg = Release|Any CPU
		{33AF001D-303C-4BF0-B17C-24002F8F362E}.Release|x64.Build.0 = Release|Any CPU
		{33AF001D-303C-4BF0-B17C-24002F8F362E}.Release|x86.ActiveCfg = Release|Any CPU
		{33AF001D-303C-4BF0-B17C-24002F8F362E}.Release|x86.Build.0 = Release|Any CPU
		{AD423F8D-A054-432D-B97E-67FADAE3C668}.Debug|Any CPU.ActiveCfg = Debug|Any CPU
		{AD423F8D-A054-432D-B97E-67FADAE3C668}.Debug|Any CPU.Build.0 = Debug|Any CPU
		{AD423F8D-A054-432D-B97E-67FADAE3C668}.Debug|x64.ActiveCfg = Debug|Any CPU
		{AD423F8D-A054-432D-B97E-67FADAE3C668}.Debug|x64.Build.0 = Debug|Any CPU
		{AD423F8D-A054-432D-B97E-67FADAE3C668}.Debug|x86.ActiveCfg = Debug|Any CPU
		{AD423F8D-A054-432D-B97E-67FADAE3C668}.Debug|x86.Build.0 = Debug|Any CPU
		{AD423F8D-A054-432D-B97E-67FADAE3C668}.Release|Any CPU.ActiveCfg = Release|Any CPU
		{AD423F8D-A054-432D-B97E-67FADAE3C668}.Release|Any CPU.Build.0 = Release|Any CPU
		{AD423F8D-A054-432D-B97E-67FADAE3C668}.Release|x64.ActiveCfg = Release|Any CPU
		{AD423F8D-A054-432D-B97E-67FADAE3C668}.Release|x64.Build.0 = Release|Any CPU
		{AD423F8D-A054-432D-B97E-67FADAE3C668}.Release|x86.ActiveCfg = Release|Any CPU
		{AD423F8D-A054-432D-B97E-67FADAE3C668}.Release|x86.Build.0 = Release|Any CPU
	EndGlobalSection
	GlobalSection(SolutionProperties) = preSolution
		HideSolutionNode = FALSE
	EndGlobalSection
	GlobalSection(ExtensibilityGlobals) = postSolution
		SolutionGuid = {503770F9-415B-4672-A90E-EBD2AD432E96}
	EndGlobalSection
EndGlobal
