
Microsoft Visual Studio Solution File, Format Version 12.00
# Visual Studio Version 16
VisualStudioVersion = 16.0.30114.105
MinimumVisualStudioVersion = 10.0.40219.1
Project("{FAE04EC0-301F-11D3-BF4B-00C04F79EFBC}") = "N-Queens", "N-Queens\N-Queens.csproj", "{409E80B9-9206-47EB-8178-E954C8A3C64E}"
EndProject
Global
	GlobalSection(SolutionConfigurationPlatforms) = preSolution
		Debug|Any CPU = Debug|Any CPU
		Debug|x64 = Debug|x64
		Debug|x86 = Debug|x86
		Release|Any CPU = Release|Any CPU
		Release|x64 = Release|x64
		Release|x86 = Release|x86
	EndGlobalSection
	GlobalSection(ProjectConfigurationPlatforms) = postSolution
		{409E80B9-9206-47EB-8178-E954C8A3C64E}.Debug|Any CPU.ActiveCfg = Debug|Any CPU
		{409E80B9-9206-47EB-8178-E954C8A3C64E}.Debug|Any CPU.Build.0 = Debug|Any CPU
		{409E80B9-9206-47EB-8178-E954C8A3C64E}.Debug|x64.ActiveCfg = Debug|Any CPU
		{409E80B9-9206-47EB-8178-E954C8A3C64E}.Debug|x64.Build.0 = Debug|Any CPU
		{409E80B9-9206-47EB-8178-E954C8A3C64E}.Debug|x86.ActiveCfg = Debug|Any CPU
		{409E80B9-9206-47EB-8178-E954C8A3C64E}.Debug|x86.Build.0 = Debug|Any CPU
		{409E80B9-9206-47EB-8178-E954C8A3C64E}.Release|Any CPU.ActiveCfg = Release|Any CPU
		{409E80B9-9206-47EB-8178-E954C8A3C64E}.Release|Any CPU.Build.0 = Release|Any CPU
		{409E80B9-9206-47EB-8178-E954C8A3C64E}.Release|x64.ActiveCfg = Release|Any CPU
		{409E80B9-9206-47EB-8178-E954C8A3C64E}.Release|x64.Build.0 = Release|Any CPU
		{409E80B9-9206-47EB-8178-E954C8A3C64E}.Release|x86.ActiveCfg = Release|Any CPU
		{409E80B9-9206-47EB-8178-E954C8A3C64E}.Release|x86.Build.0 = Release|Any CPU
	EndGlobalSection
	GlobalSection(SolutionProperties) = preSolution
		HideSolutionNode = FALSE
	EndGlobalSection
	GlobalSection(ExtensibilityGlobals) = postSolution
		SolutionGuid = {503770F9-415B-4672-A90E-EBD2AD432E96}
	EndGlobalSection
EndGlobal
